// !$*UTF8*$!
{
	archiveVersion = 1;
	classes = {
	};
	objectVersion = 77;
	objects = {

/* Begin PBXBuildFile section */
		C3D100032F50000000AAA001 /* LeapSDK in Frameworks */ = {isa = PBXBuildFile; productRef = C3D100022F50000000AAA001 /* LeapSDK */; };
/* End PBXBuildFile section */

/* Begin PBXContainerItemProxy section */
		B2B392422F44270400C6E338 /* PBXContainerItemProxy */ = {
			isa = PBXContainerItemProxy;
			containerPortal = B2B3922C2F44270300C6E338 /* Project object */;
			proxyType = 1;
			remoteGlobalIDString = B2B392332F44270300C6E338;
			remoteInfo = theVoid;
		};
		B2B3924C2F44270400C6E338 /* PBXContainerItemProxy */ = {
			isa = PBXContainerItemProxy;
			containerPortal = B2B3922C2F44270300C6E338 /* Project object */;
			proxyType = 1;
			remoteGlobalIDString = B2B392332F44270300C6E338;
			remoteInfo = theVoid;
		};
/* End PBXContainerItemProxy section */

/* Begin PBXFileReference section */
		B2B392342F44270300C6E338 /* theVoid.app */ = {isa = PBXFileReference; explicitFileType = wrapper.application; includeInIndex = 0; path = theVoid.app; sourceTree = BUILT_PRODUCTS_DIR; };
		B2B392412F44270400C6E338 /* theVoidTests.xctest */ = {isa = PBXFileReference; explicitFileType = wrapper.cfbundle; includeInIndex = 0; path = theVoidTests.xctest; sourceTree = BUILT_PRODUCTS_DIR; };
		B2B3924B2F44270400C6E338 /* theVoidUITests.xctest */ = {isa = PBXFileReference; explicitFileType = wrapper.cfbundle; includeInIndex = 0; path = theVoidUITests.xctest; sourceTree = BUILT_PRODUCTS_DIR; };
/* End PBXFileReference section */

/* Begin PBXFileSystemSynchronizedRootGroup section */
		B2B392362F44270300C6E338 /* theVoid */ = {
			isa = PBXFileSystemSynchronizedRootGroup;
			path = theVoid;
			sourceTree = "<group>";
		};
		B2B392442F44270400C6E338 /* theVoidTests */ = {
			isa = PBXFileSystemSynchronizedRootGroup;
			path = theVoidTests;
			sourceTree = "<group>";
		};
		B2B3924E2F44270400C6E338 /* theVoidUITests */ = {
			isa = PBXFileSystemSynchronizedRootGroup;
			path = theVoidUITests;
			sourceTree = "<group>";
		};
/* End PBXFileSystemSynchronizedRootGroup section */

/* Begin PBXFrameworksBuildPhase section */
		B2B392312F44270300C6E338 /* Frameworks */ = {
			isa = PBXFrameworksBuildPhase;
			buildActionMask = 2147483647;
			files = (
				C3D100032F50000000AAA001 /* LeapSDK in Frameworks */,
			);
			runOnlyForDeploymentPostprocessing = 0;
		};
		B2B3923E2F44270400C6E338 /* Frameworks */ = {
			isa = PBXFrameworksBuildPhase;
			buildActionMask = 2147483647;
			files = (
			);
			runOnlyForDeploymentPostprocessing = 0;
		};
		B2B392482F44270400C6E338 /* Frameworks */ = {
			isa = PBXFrameworksBuildPhase;
			buildActionMask = 2147483647;
			files = (
			);
			runOnlyForDeploymentPostprocessing = 0;
		};
/* End PBXFrameworksBuildPhase section */

/* Begin PBXGroup section */
		B2B3922B2F44270300C6E338 = {
			isa = PBXGroup;
			children = (
				B2B392362F44270300C6E338 /* theVoid */,
				B2B392442F44270400C6E338 /* theVoidTests */,
				B2B3924E2F44270400C6E338 /* theVoidUITests */,
				B2B392352F44270300C6E338 /* Products */,
			);
			sourceTree = "<group>";
		};
		B2B392352F44270300C6E338 /* Products */ = {
			isa = PBXGroup;
			children = (
				B2B392342F44270300C6E338 /* theVoid.app */,
				B2B392412F44270400C6E338 /* theVoidTests.xctest */,
				B2B3924B2F44270400C6E338 /* theVoidUITests.xctest */,
			);
			name = Products;
			sourceTree = "<group>";
		};
/* End PBXGroup section */

/* Begin PBXNativeTarget section */
		B2B392332F44270300C6E338 /* theVoid */ = {
			isa = PBXNativeTarget;
			buildConfigurationList = B2B392552F44270400C6E338 /* Build configuration list for PBXNativeTarget "theVoid" */;
			buildPhases = (
				B2B392302F44270300C6E338 /* Sources */,
				B2B392312F44270300C6E338 /* Frameworks */,
				B2B392322F44270300C6E338 /* Resources */,
			);
			buildRules = (
			);
			dependencies = (
			);
			fileSystemSynchronizedGroups = (
				B2B392362F44270300C6E338 /* theVoid */,
			);
			name = theVoid;
			packageProductDependencies = (
				C3D100022F50000000AAA001 /* LeapSDK */,
			);
			productName = theVoid;
			productReference = B2B392342F44270300C6E338 /* theVoid.app */;
			productType = "com.apple.product-type.application";
		};
		B2B392402F44270400C6E338 /* theVoidTests */ = {
			isa = PBXNativeTarget;
			buildConfigurationList = B2B392582F44270400C6E338 /* Build configuration list for PBXNativeTarget "theVoidTests" */;
			buildPhases = (
				B2B3923D2F44270400C6E338 /* Sources */,
				B2B3923E2F44270400C6E338 /* Frameworks */,
				B2B3923F2F44270400C6E338 /* Resources */,
			);
			buildRules = (
			);
			dependencies = (
				B2B392432F44270400C6E338 /* PBXTargetDependency */,
			);
			fileSystemSynchronizedGroups = (
				B2B392442F44270400C6E338 /* theVoidTests */,
			);
			name = theVoidTests;
			packageProductDependencies = (
			);
			productName = theVoidTests;
			productReference = B2B392412F44270400C6E338 /* theVoidTests.xctest */;
			productType = "com.apple.product-type.bundle.unit-test";
		};
		B2B3924A2F44270400C6E338 /* theVoidUITests */ = {
			isa = PBXNativeTarget;
			buildConfigurationList = B2B3925B2F44270400C6E338 /* Build configuration list for PBXNativeTarget "theVoidUITests" */;
			buildPhases = (
				B2B392472F44270400C6E338 /* Sources */,
				B2B392482F44270400C6E338 /* Frameworks */,
				B2B392492F44270400C6E338 /* Resources */,
			);
			buildRules = (
			);
			dependencies = (
				B2B3924D2F44270400C6E338 /* PBXTargetDependency */,
			);
			fileSystemSynchronizedGroups = (
				B2B3924E2F44270400C6E338 /* theVoidUITests */,
			);
			name = theVoidUITests;
			packageProductDependencies = (
			);
			productName = theVoidUITests;
			productReference = B2B3924B2F44270400C6E338 /* theVoidUITests.xctest */;
			productType = "com.apple.product-type.bundle.ui-testing";
		};
/* End PBXNativeTarget section */

/* Begin PBXProject section */
		B2B3922C2F44270300C6E338 /* Project object */ = {
			isa = PBXProject;
			attributes = {
				BuildIndependentTargetsInParallel = 1;
				LastSwiftUpdateCheck = 1640;
				LastUpgradeCheck = 1640;
				TargetAttributes = {
					B2B392332F44270300C6E338 = {
						CreatedOnToolsVersion = 16.4;
					};
					B2B392402F44270400C6E338 = {
						CreatedOnToolsVersion = 16.4;
						TestTargetID = B2B392332F44270300C6E338;
					};
					B2B3924A2F44270400C6E338 = {
						CreatedOnToolsVersion = 16.4;
						TestTargetID = B2B392332F44270300C6E338;
					};
				};
			};
			buildConfigurationList = B2B3922F2F44270300C6E338 /* Build configuration list for PBXProject "theVoid" */;
			developmentRegion = en;
			hasScannedForEncodings = 0;
			knownRegions = (
				en,
				Base,
			);
			mainGroup = B2B3922B2F44270300C6E338;
			minimizedProjectReferenceProxies = 1;
			packageReferences = (
				C3D100012F50000000AAA001 /* XCRemoteSwiftPackageReference "leap-ios" */,
			);
			preferredProjectObjectVersion = 77;
			productRefGroup = B2B392352F44270300C6E338 /* Products */;
			projectDirPath = "";
			projectRoot = "";
			targets = (
				B2B392332F44270300C6E338 /* theVoid */,
				B2B392402F44270400C6E338 /* theVoidTests */,
				B2B3924A2F44270400C6E338 /* theVoidUITests */,
			);
		};
/* End PBXProject section */

/* Begin PBXResourcesBuildPhase section */
		B2B392322F44270300C6E338 /* Resources */ = {
			isa = PBXResourcesBuildPhase;
			buildActionMask = 2147483647;
			files = (
			);
			runOnlyForDeploymentPostprocessing = 0;
		};
		B2B3923F2F44270400C6E338 /* Resources */ = {
			isa = PBXResourcesBuildPhase;
			buildActionMask = 2147483647;
			files = (
			);
			runOnlyForDeploymentPostprocessing = 0;
		};
		B2B392492F44270400C6E338 /* Resources */ = {
			isa = PBXResourcesBuildPhase;
			buildActionMask = 2147483647;
			files = (
			);
			runOnlyForDeploymentPostprocessing = 0;
		};
/* End PBXResourcesBuildPhase section */

/* Begin PBXSourcesBuildPhase section */
		B2B392302F44270300C6E338 /* Sources */ = {
			isa = PBXSourcesBuildPhase;
			buildActionMask = 2147483647;
			files = (
			);
			runOnlyForDeploymentPostprocessing = 0;
		};
		B2B3923D2F44270400C6E338 /* Sources */ = {
			isa = PBXSourcesBuildPhase;
			buildActionMask = 2147483647;
			files = (
			);
			runOnlyForDeploymentPostprocessing = 0;
		};
		B2B392472F44270400C6E338 /* Sources */ = {
			isa = PBXSourcesBuildPhase;
			buildActionMask = 2147483647;
			files = (
			);
			runOnlyForDeploymentPostprocessing = 0;
		};
/* End PBXSourcesBuildPhase section */

/* Begin PBXTargetDependency section */
		B2B392432F44270400C6E338 /* PBXTargetDependency */ = {
			isa = PBXTargetDependency;
			target = B2B392332F44270300C6E338 /* theVoid */;
			targetProxy = B2B392422F44270400C6E338 /* PBXContainerItemProxy */;
		};
		B2B3924D2F44270400C6E338 /* PBXTargetDependency */ = {
			isa = PBXTargetDependency;
			target = B2B392332F44270300C6E338 /* theVoid */;
			targetProxy = B2B3924C2F44270400C6E338 /* PBXContainerItemProxy */;
		};
/* End PBXTargetDependency section */

/* Begin XCBuildConfiguration section */
		B2B392532F44270400C6E338 /* Debug */ = {
			isa = XCBuildConfiguration;
			buildSettings = {
				ALWAYS_SEARCH_USER_PATHS = NO;
				ASSETCATALOG_COMPILER_GENERATE_SWIFT_ASSET_SYMBOL_EXTENSIONS = YES;
				CLANG_ANALYZER_NONNULL = YES;
				CLANG_ANALYZER_NUMBER_OBJECT_CONVERSION = YES_AGGRESSIVE;
				CLANG_CXX_LANGUAGE_STANDARD = "gnu++20";
				CLANG_ENABLE_MODULES = YES;
				CLANG_ENABLE_OBJC_ARC = YES;
				CLANG_ENABLE_OBJC_WEAK = YES;
				CLANG_WARN_BLOCK_CAPTURE_AUTORELEASING = YES;
				CLANG_WARN_BOOL_CONVERSION = YES;
				CLANG_WARN_COMMA = YES;
				CLANG_WARN_CONSTANT_CONVERSION = YES;
				CLANG_WARN_DEPRECATED_OBJC_IMPLEMENTATIONS = YES;
				CLANG_WARN_DIRECT_OBJC_ISA_USAGE = YES_ERROR;
				CLANG_WARN_DOCUMENTATION_COMMENTS = YES;
				CLANG_WARN_EMPTY_BODY = YES;
				CLANG_WARN_ENUM_CONVERSION = YES;
				CLANG_WARN_INFINITE_RECURSION = YES;
				CLANG_WARN_INT_CONVERSION = YES;
				CLANG_WARN_NON_LITERAL_NULL_CONVERSION = YES;
				CLANG_WARN_OBJC_IMPLICIT_RETAIN_SELF = YES;
				CLANG_WARN_OBJC_LITERAL_CONVERSION = YES;
				CLANG_WARN_OBJC_ROOT_CLASS = YES_ERROR;
				CLANG_WARN_QUOTED_INCLUDE_IN_FRAMEWORK_HEADER = YES;
				CLANG_WARN_RANGE_LOOP_ANALYSIS = YES;
				CLANG_WARN_STRICT_PROTOTYPES = YES;
				CLANG_WARN_SUSPICIOUS_MOVE = YES;
				CLANG_WARN_UNGUARDED_AVAILABILITY = YES_AGGRESSIVE;
				CLANG_WARN_UNREACHABLE_CODE = YES;
				CLANG_WARN__DUPLICATE_METHOD_MATCH = YES;
				COPY_PHASE_STRIP = NO;
				DEBUG_INFORMATION_FORMAT = dwarf;
				ENABLE_STRICT_OBJC_MSGSEND = YES;
				ENABLE_TESTABILITY = YES;
				ENABLE_USER_SCRIPT_SANDBOXING = YES;
				GCC_C_LANGUAGE_STANDARD = gnu17;
				GCC_DYNAMIC_NO_PIC = NO;
				GCC_NO_COMMON_BLOCKS = YES;
				GCC_OPTIMIZATION_LEVEL = 0;
				GCC_PREPROCESSOR_DEFINITIONS = (
					"DEBUG=1",
					"$(inherited)",
				);
				GCC_WARN_64_TO_32_BIT_CONVERSION = YES;
				GCC_WARN_ABOUT_RETURN_TYPE = YES_ERROR;
				GCC_WARN_UNDECLARED_SELECTOR = YES;
				GCC_WARN_UNINITIALIZED_AUTOS = YES_AGGRESSIVE;
				GCC_WARN_UNUSED_FUNCTION = YES;
				GCC_WARN_UNUSED_VARIABLE = YES;
				IPHONEOS_DEPLOYMENT_TARGET = 18.5;
				LOCALIZATION_PREFERS_STRING_CATALOGS = YES;
				MTL_ENABLE_DEBUG_INFO = INCLUDE_SOURCE;
				MTL_FAST_MATH = YES;
				ONLY_ACTIVE_ARCH = YES;
				SDKROOT = iphoneos;
				SWIFT_ACTIVE_COMPILATION_CONDITIONS = "DEBUG $(inherited)";
				SWIFT_OPTIMIZATION_LEVEL = "-Onone";
			};
			name = Debug;
		};
		B2B392542F44270400C6E338 /* Release */ = {
			isa = XCBuildConfiguration;
			buildSettings = {
				ALWAYS_SEARCH_USER_PATHS = NO;
				ASSETCATALOG_COMPILER_GENERATE_SWIFT_ASSET_SYMBOL_EXTENSIONS = YES;
				CLANG_ANALYZER_NONNULL = YES;
				CLANG_ANALYZER_NUMBER_OBJECT_CONVERSION = YES_AGGRESSIVE;
				CLANG_CXX_LANGUAGE_STANDARD = "gnu++20";
				CLANG_ENABLE_MODULES = YES;
				CLANG_ENABLE_OBJC_ARC = YES;
				CLANG_ENABLE_OBJC_WEAK = YES;
				CLANG_WARN_BLOCK_CAPTURE_AUTORELEASING = YES;
				CLANG_WARN_BOOL_CONVERSION = YES;
				CLANG_WARN_COMMA = YES;
				CLANG_WARN_CONSTANT_CONVERSION = YES;
				CLANG_WARN_DEPRECATED_OBJC_IMPLEMENTATIONS = YES;
				CLANG_WARN_DIRECT_OBJC_ISA_USAGE = YES_ERROR;
				CLANG_WARN_DOCUMENTATION_COMMENTS = YES;
				CLANG_WARN_EMPTY_BODY = YES;
				CLANG_WARN_ENUM_CONVERSION = YES;
				CLANG_WARN_INFINITE_RECURSION = YES;
				CLANG_WARN_INT_CONVERSION = YES;
				CLANG_WARN_NON_LITERAL_NULL_CONVERSION = YES;
				CLANG_WARN_OBJC_IMPLICIT_RETAIN_SELF = YES;
				CLANG_WARN_OBJC_LITERAL_CONVERSION = YES;
				CLANG_WARN_OBJC_ROOT_CLASS = YES_ERROR;
				CLANG_WARN_QUOTED_INCLUDE_IN_FRAMEWORK_HEADER = YES;
				CLANG_WARN_RANGE_LOOP_ANALYSIS = YES;
				CLANG_WARN_STRICT_PROTOTYPES = YES;
				CLANG_WARN_SUSPICIOUS_MOVE = YES;
				CLANG_WARN_UNGUARDED_AVAILABILITY = YES_AGGRESSIVE;
				CLANG_WARN_UNREACHABLE_CODE = YES;
				CLANG_WARN__DUPLICATE_METHOD_MATCH = YES;
				COPY_PHASE_STRIP = NO;
				DEBUG_INFORMATION_FORMAT = "dwarf-with-dsym";
				ENABLE_NS_ASSERTIONS = NO;
				ENABLE_STRICT_OBJC_MSGSEND = YES;
				ENABLE_USER_SCRIPT_SANDBOXING = YES;
				GCC_C_LANGUAGE_STANDARD = gnu17;
				GCC_NO_COMMON_BLOCKS = YES;
				GCC_WARN_64_TO_32_BIT_CONVERSION = YES;
				GCC_WARN_ABOUT_RETURN_TYPE = YES_ERROR;
				GCC_WARN_UNDECLARED_SELECTOR = YES;
				GCC_WARN_UNINITIALIZED_AUTOS = YES_AGGRESSIVE;
				GCC_WARN_UNUSED_FUNCTION = YES;
				GCC_WARN_UNUSED_VARIABLE = YES;
				IPHONEOS_DEPLOYMENT_TARGET = 18.5;
				LOCALIZATION_PREFERS_STRING_CATALOGS = YES;
				MTL_ENABLE_DEBUG_INFO = NO;
				MTL_FAST_MATH = YES;
				SDKROOT = iphoneos;
				SWIFT_COMPILATION_MODE = wholemodule;
				VALIDATE_PRODUCT = YES;
			};
			name = Release;
		};
		B2B392562F44270400C6E338 /* Debug */ = {
			isa = XCBuildConfiguration;
			buildSettings = {
				ASSETCATALOG_COMPILER_APPICON_NAME = AppIcon;
				ASSETCATALOG_COMPILER_GLOBAL_ACCENT_COLOR_NAME = AccentColor;
				CODE_SIGN_ENTITLEMENTS = theVoid/theVoid.entitlements;
				CODE_SIGN_STYLE = Automatic;
				CURRENT_PROJECT_VERSION = 1;
				DEVELOPMENT_TEAM = 9G57J2JMF7;
				ENABLE_PREVIEWS = YES;
				GENERATE_INFOPLIST_FILE = YES;
				INFOPLIST_KEY_NSMicrophoneUsageDescription = "theVoid records your daily reflection audio.";
				INFOPLIST_KEY_NSSpeechRecognitionUsageDescription = "theVoid transcribes your reflections on this device.";
				INFOPLIST_KEY_UIApplicationSceneManifest_Generation = YES;
				INFOPLIST_KEY_UIApplicationSupportsIndirectInputEvents = YES;
				INFOPLIST_KEY_UILaunchScreen_Generation = YES;
				INFOPLIST_KEY_UISupportedInterfaceOrientations_iPad = "UIInterfaceOrientationPortrait UIInterfaceOrientationPortraitUpsideDown UIInterfaceOrientationLandscapeLeft UIInterfaceOrientationLandscapeRight";
				INFOPLIST_KEY_UISupportedInterfaceOrientations_iPhone = "UIInterfaceOrientationPortrait UIInterfaceOrientationLandscapeLeft UIInterfaceOrientationLandscapeRight";
				LD_RUNPATH_SEARCH_PATHS = (
					"$(inherited)",
					"@executable_path/Frameworks",
				);
				MARKETING_VERSION = 1.0;
				PRODUCT_BUNDLE_IDENTIFIER = com.lowercaseLabs.theVoid;
				PRODUCT_NAME = "$(TARGET_NAME)";
				SWIFT_EMIT_LOC_STRINGS = YES;
				SWIFT_VERSION = 5.0;
				TARGETED_DEVICE_FAMILY = "1,2";
			};
			name = Debug;
		};
		B2B392572F44270400C6E338 /* Release */ = {
			isa = XCBuildConfiguration;
			buildSettings = {
				ASSETCATALOG_COMPILER_APPICON_NAME = AppIcon;
				ASSETCATALOG_COMPILER_GLOBAL_ACCENT_COLOR_NAME = AccentColor;
				CODE_SIGN_ENTITLEMENTS = theVoid/theVoid.entitlements;
				CODE_SIGN_STYLE = Automatic;
				CURRENT_PROJECT_VERSION = 1;
				DEVELOPMENT_TEAM = 9G57J2JMF7;
				ENABLE_PREVIEWS = YES;
				GENERATE_INFOPLIST_FILE = YES;
				INFOPLIST_KEY_NSMicrophoneUsageDescription = "theVoid records your daily reflection audio.";
				INFOPLIST_KEY_NSSpeechRecognitionUsageDescription = "theVoid transcribes your reflections on this device.";
				INFOPLIST_KEY_UIApplicationSceneManifest_Generation = YES;
				INFOPLIST_KEY_UIApplicationSupportsIndirectInputEvents = YES;
				INFOPLIST_KEY_UILaunchScreen_Generation = YES;
				INFOPLIST_KEY_UISupportedInterfaceOrientations_iPad = "UIInterfaceOrientationPortrait UIInterfaceOrientationPortraitUpsideDown UIInterfaceOrientationLandscapeLeft UIInterfaceOrientationLandscapeRight";
				INFOPLIST_KEY_UISupportedInterfaceOrientations_iPhone = "UIInterfaceOrientationPortrait UIInterfaceOrientationLandscapeLeft UIInterfaceOrientationLandscapeRight";
				LD_RUNPATH_SEARCH_PATHS = (
					"$(inherited)",
					"@executable_path/Frameworks",
				);
				MARKETING_VERSION = 1.0;
				PRODUCT_BUNDLE_IDENTIFIER = com.lowercaseLabs.theVoid;
				PRODUCT_NAME = "$(TARGET_NAME)";
				SWIFT_EMIT_LOC_STRINGS = YES;
				SWIFT_VERSION = 5.0;
				TARGETED_DEVICE_FAMILY = "1,2";
			};
			name = Release;
		};
		B2B392592F44270400C6E338 /* Debug */ = {
			isa = XCBuildConfiguration;
			buildSettings = {
				BUNDLE_LOADER = "$(TEST_HOST)";
				CODE_SIGN_STYLE = Automatic;
				CURRENT_PROJECT_VERSION = 1;
				DEVELOPMENT_TEAM = 9G57J2JMF7;
				GENERATE_INFOPLIST_FILE = YES;
				IPHONEOS_DEPLOYMENT_TARGET = 18.5;
				MARKETING_VERSION = 1.0;
				PRODUCT_BUNDLE_IDENTIFIER = lowercaseLabs.theVoidTests;
				PRODUCT_NAME = "$(TARGET_NAME)";
				SWIFT_EMIT_LOC_STRINGS = NO;
				SWIFT_VERSION = 5.0;
				TARGETED_DEVICE_FAMILY = "1,2";
				TEST_HOST = "$(BUILT_PRODUCTS_DIR)/theVoid.app/$(BUNDLE_EXECUTABLE_FOLDER_PATH)/theVoid";
			};
			name = Debug;
		};
		B2B3925A2F44270400C6E338 /* Release */ = {
			isa = XCBuildConfiguration;
			buildSettings = {
				BUNDLE_LOADER = "$(TEST_HOST)";
				CODE_SIGN_STYLE = Automatic;
				CURRENT_PROJECT_VERSION = 1;
				DEVELOPMENT_TEAM = 9G57J2JMF7;
				GENERATE_INFOPLIST_FILE = YES;
				IPHONEOS_DEPLOYMENT_TARGET = 18.5;
				MARKETING_VERSION = 1.0;
				PRODUCT_BUNDLE_IDENTIFIER = lowercaseLabs.theVoidTests;
				PRODUCT_NAME = "$(TARGET_NAME)";
				SWIFT_EMIT_LOC_STRINGS = NO;
				SWIFT_VERSION = 5.0;
				TARGETED_DEVICE_FAMILY = "1,2";
				TEST_HOST = "$(BUILT_PRODUCTS_DIR)/theVoid.app/$(BUNDLE_EXECUTABLE_FOLDER_PATH)/theVoid";
			};
			name = Release;
		};
		B2B3925C2F44270400C6E338 /* Debug */ = {
			isa = XCBuildConfiguration;
			buildSettings = {
				CODE_SIGN_STYLE = Automatic;
				CURRENT_PROJECT_VERSION = 1;
				DEVELOPMENT_TEAM = 9G57J2JMF7;
				GENERATE_INFOPLIST_FILE = YES;
				MARKETING_VERSION = 1.0;
				PRODUCT_BUNDLE_IDENTIFIER = lowercaseLabs.theVoidUITests;
				PRODUCT_NAME = "$(TARGET_NAME)";
				SWIFT_EMIT_LOC_STRINGS = NO;
				SWIFT_VERSION = 5.0;
				TARGETED_DEVICE_FAMILY = "1,2";
				TEST_TARGET_NAME = theVoid;
			};
			name = Debug;
		};
		B2B3925D2F44270400C6E338 /* Release */ = {
			isa = XCBuildConfiguration;
			buildSettings = {
				CODE_SIGN_STYLE = Automatic;
				CURRENT_PROJECT_VERSION = 1;
				DEVELOPMENT_TEAM = 9G57J2JMF7;
				GENERATE_INFOPLIST_FILE = YES;
				MARKETING_VERSION = 1.0;
				PRODUCT_BUNDLE_IDENTIFIER = lowercaseLabs.theVoidUITests;
				PRODUCT_NAME = "$(TARGET_NAME)";
				SWIFT_EMIT_LOC_STRINGS = NO;
				SWIFT_VERSION = 5.0;
				TARGETED_DEVICE_FAMILY = "1,2";
				TEST_TARGET_NAME = theVoid;
			};
			name = Release;
		};
/* End XCBuildConfiguration section */

/* Begin XCConfigurationList section */
		B2B3922F2F44270300C6E338 /* Build configuration list for PBXProject "theVoid" */ = {
			isa = XCConfigurationList;
			buildConfigurations = (
				B2B392532F44270400C6E338 /* Debug */,
				B2B392542F44270400C6E338 /* Release */,
			);
			defaultConfigurationIsVisible = 0;
			defaultConfigurationName = Release;
		};
		B2B392552F44270400C6E338 /* Build configuration list for PBXNativeTarget "theVoid" */ = {
			isa = XCConfigurationList;
			buildConfigurations = (
				B2B392562F44270400C6E338 /* Debug */,
				B2B392572F44270400C6E338 /* Release */,
			);
			defaultConfigurationIsVisible = 0;
			defaultConfigurationName = Release;
		};
		B2B392582F44270400C6E338 /* Build configuration list for PBXNativeTarget "theVoidTests" */ = {
			isa = XCConfigurationList;
			buildConfigurations = (
				B2B392592F44270400C6E338 /* Debug */,
				B2B3925A2F44270400C6E338 /* Release */,
			);
			defaultConfigurationIsVisible = 0;
			defaultConfigurationName = Release;
		};
		B2B3925B2F44270400C6E338 /* Build configuration list for PBXNativeTarget "theVoidUITests" */ = {
			isa = XCConfigurationList;
			buildConfigurations = (
				B2B3925C2F44270400C6E338 /* Debug */,
				B2B3925D2F44270400C6E338 /* Release */,
			);
			defaultConfigurationIsVisible = 0;
			defaultConfigurationName = Release;
		};
/* End XCConfigurationList section */

/* Begin XCRemoteSwiftPackageReference section */
		C3D100012F50000000AAA001 /* XCRemoteSwiftPackageReference "leap-ios" */ = {
			isa = XCRemoteSwiftPackageReference;
			repositoryURL = "https://github.com/Liquid4All/leap-ios.git";
			requirement = {
				kind = exactVersion;
				version = 0.9.3;
			};
		};
/* End XCRemoteSwiftPackageReference section */

/* Begin XCSwiftPackageProductDependency section */
		C3D100022F50000000AAA001 /* LeapSDK */ = {
			isa = XCSwiftPackageProductDependency;
			package = C3D100012F50000000AAA001 /* XCRemoteSwiftPackageReference "leap-ios" */;
			productName = LeapSDK;
		};
/* End XCSwiftPackageProductDependency section */
	};
	rootObject = B2B3922C2F44270300C6E338 /* Project object */;
}
