{
  "originHash" : "09abe8d78716b17abd866c6a77768b7e2058b0f125fda95a8a3f4183a7903d3e",
  "pins" : [
    {
      "identity" : "swift-argument-parser",
      "kind" : "remoteSourceControl",
      "location" : "https://github.com/apple/swift-argument-parser.git",
      "state" : {
        "revision" : "626b5b7b2f45e1b0b1c6f4a309296d1d21d7311b",
        "version" : "1.7.1"
      }
    },
    {
      "identity" : "whisper.spm",
      "kind" : "remoteSourceControl",
      "location" : "https://github.com/ggml-org/whisper.spm.git",
      "state" : {
        "revision" : "a2085436c2eb796af90956b62bd64731f5e5b823"
      }
    },
    {
      "identity" : "whisperkit",
      "kind" : "remoteSourceControl",
      "location" : "https://github.com/argmaxinc/WhisperKit.git",
      "state" : {
        "revision" : "c71c5ed607c3853c041b8fd3c1042e6e5b5a29a3"
      }
    }
  ],
  "version" : 3
}
