{
  "originHash" : "981739b8c1401a5f85f068a521625855742f5d87279ed1162bcf315118c4466b",
  "pins" : [
    {
      "identity" : "leap-ios",
      "kind" : "remoteSourceControl",
      "location" : "https://github.com/Liquid4All/leap-ios.git",
      "state" : {
        "revision" : "c34fa1670f2e5f2362dbf69864d43dcb257ded1a",
        "version" : "0.9.3"
      }
    },
    {
      "identity" : "swift-argument-parser",
      "kind" : "remoteSourceControl",
      "location" : "https://github.com/apple/swift-argument-parser.git",
      "state" : {
        "revision" : "626b5b7b2f45e1b0b1c6f4a309296d1d21d7311b",
        "version" : "1.7.1"
      }
    },
    {
      "identity" : "swift-syntax",
      "kind" : "remoteSourceControl",
      "location" : "https://github.com/swiftlang/swift-syntax.git",
      "state" : {
        "revision" : "0687f71944021d616d34d922343dcef086855920",
        "version" : "600.0.1"
      }
    },
    {
      "identity" : "whisperkit",
      "kind" : "remoteSourceControl",
      "location" : "https://github.com/argmaxinc/WhisperKit.git",
      "state" : {
        "revision" : "c71c5ed607c3853c041b8fd3c1042e6e5b5a29a3"
      }
    }
  ],
  "version" : 3
}
