// !$*UTF8*$!
{
	archiveVersion = 1;
	classes = {
	};
	objectVersion = 77;
	objects = {

/* Begin PBXBuildFile section */
		028621FA3CF3637B0ED1A13C /* DictationRecord.swift in Sources */ = {isa = PBXBuildFile; fileRef = 1AE48CA176057902B243E7F7 /* DictationRecord.swift */; };
		1EB268902C609C2E3C51F160 /* PCMBufferSampleConverter.swift in Sources */ = {isa = PBXBuildFile; fileRef = ED2836396E808681A46E6CB1 /* PCMBufferSampleConverter.swift */; };
		337C323B7B368AFF40C54F23 /* WhisperKitDictationEngine.swift in Sources */ = {isa = PBXBuildFile; fileRef = CFA231AFD3D204777EB8212F /* WhisperKitDictationEngine.swift */; };
		687201CBA6681F0D9ACC797C /* RootView.swift in Sources */ = {isa = PBXBuildFile; fileRef = 81F36E07D2823B7F0917BD7D /* RootView.swift */; };
		8B6F86492843E5B88C1DF720 /* DictationViewModel.swift in Sources */ = {isa = PBXBuildFile; fileRef = A28B6BCCC174BFEA26F4A0C1 /* DictationViewModel.swift */; };
		B94C994DEB36953F860CDC35 /* DictationEngine.swift in Sources */ = {isa = PBXBuildFile; fileRef = 77F902F8D7BCC282C8CB919F /* DictationEngine.swift */; };
		C00F6E068AD1151F401830C7 /* whisper in Frameworks */ = {isa = PBXBuildFile; productRef = 2E0029A3650AFD5B22CA0F60 /* whisper */; };
		C25271851A97D9AFF23B3D30 /* AppleSpeechDictationEngine.swift in Sources */ = {isa = PBXBuildFile; fileRef = C5EFA50C436C859D6F87858B /* AppleSpeechDictationEngine.swift */; };
		C7B7057E22CDE1640875948C /* DictationEngineCoordinator.swift in Sources */ = {isa = PBXBuildFile; fileRef = C46D1C75D9DCA31539E6E609 /* DictationEngineCoordinator.swift */; };
		D8172DCF681D19D3EA2CC44E /* StreamingWhisperSession.swift in Sources */ = {isa = PBXBuildFile; fileRef = BC0F07B3E50787C8BDAB8ADD /* StreamingWhisperSession.swift */; };
		D9CF957362E208061E24705E /* HoldToDictateButton.swift in Sources */ = {isa = PBXBuildFile; fileRef = FFB1929442CF8E868220DF8C /* HoldToDictateButton.swift */; };
		E185010AE18B757E5D5A4113 /* WhisperCppDictationEngine.swift in Sources */ = {isa = PBXBuildFile; fileRef = A615EB72171A093BBFFEAF10 /* WhisperCppDictationEngine.swift */; };
		E4369B6364071F77516CD590 /* DictationStore.swift in Sources */ = {isa = PBXBuildFile; fileRef = 1972EC7629CDCFDD491F44F4 /* DictationStore.swift */; };
		E7676F48CFAE43C318665F43 /* supriseApp.swift in Sources */ = {isa = PBXBuildFile; fileRef = 55294F56A367C62D2F92AC49 /* supriseApp.swift */; };
		E912B79CCE9930F6C3C328BD /* AudioCapturePipeline.swift in Sources */ = {isa = PBXBuildFile; fileRef = B7FB6D4DC4D7458E5EEBFDCC /* AudioCapturePipeline.swift */; };
		F2B84EA9BA70E4FD736DF884 /* WhisperKit in Frameworks */ = {isa = PBXBuildFile; productRef = A18E3B31BB9C6CDAAB577E4E /* WhisperKit */; };
/* End PBXBuildFile section */

/* Begin PBXFileReference section */
		1972EC7629CDCFDD491F44F4 /* DictationStore.swift */ = {isa = PBXFileReference; lastKnownFileType = sourcecode.swift; path = DictationStore.swift; sourceTree = "<group>"; };
		1AE48CA176057902B243E7F7 /* DictationRecord.swift */ = {isa = PBXFileReference; lastKnownFileType = sourcecode.swift; path = DictationRecord.swift; sourceTree = "<group>"; };
		218CBB2C9C7CFC1A2054B476 /* suprise.app */ = {isa = PBXFileReference; explicitFileType = wrapper.application; includeInIndex = 0; path = suprise.app; sourceTree = BUILT_PRODUCTS_DIR; };
		55294F56A367C62D2F92AC49 /* supriseApp.swift */ = {isa = PBXFileReference; lastKnownFileType = sourcecode.swift; path = supriseApp.swift; sourceTree = "<group>"; };
		77F902F8D7BCC282C8CB919F /* DictationEngine.swift */ = {isa = PBXFileReference; lastKnownFileType = sourcecode.swift; path = DictationEngine.swift; sourceTree = "<group>"; };
		81F36E07D2823B7F0917BD7D /* RootView.swift */ = {isa = PBXFileReference; lastKnownFileType = sourcecode.swift; path = RootView.swift; sourceTree = "<group>"; };
		A28B6BCCC174BFEA26F4A0C1 /* DictationViewModel.swift */ = {isa = PBXFileReference; lastKnownFileType = sourcecode.swift; path = DictationViewModel.swift; sourceTree = "<group>"; };
		A615EB72171A093BBFFEAF10 /* WhisperCppDictationEngine.swift */ = {isa = PBXFileReference; lastKnownFileType = sourcecode.swift; path = WhisperCppDictationEngine.swift; sourceTree = "<group>"; };
		B7FB6D4DC4D7458E5EEBFDCC /* AudioCapturePipeline.swift */ = {isa = PBXFileReference; lastKnownFileType = sourcecode.swift; path = AudioCapturePipeline.swift; sourceTree = "<group>"; };
		BC0F07B3E50787C8BDAB8ADD /* StreamingWhisperSession.swift */ = {isa = PBXFileReference; lastKnownFileType = sourcecode.swift; path = StreamingWhisperSession.swift; sourceTree = "<group>"; };
		C46D1C75D9DCA31539E6E609 /* DictationEngineCoordinator.swift */ = {isa = PBXFileReference; lastKnownFileType = sourcecode.swift; path = DictationEngineCoordinator.swift; sourceTree = "<group>"; };
		C5EFA50C436C859D6F87858B /* AppleSpeechDictationEngine.swift */ = {isa = PBXFileReference; lastKnownFileType = sourcecode.swift; path = AppleSpeechDictationEngine.swift; sourceTree = "<group>"; };
		CFA231AFD3D204777EB8212F /* WhisperKitDictationEngine.swift */ = {isa = PBXFileReference; lastKnownFileType = sourcecode.swift; path = WhisperKitDictationEngine.swift; sourceTree = "<group>"; };
		ED2836396E808681A46E6CB1 /* PCMBufferSampleConverter.swift */ = {isa = PBXFileReference; lastKnownFileType = sourcecode.swift; path = PCMBufferSampleConverter.swift; sourceTree = "<group>"; };
		FFB1929442CF8E868220DF8C /* HoldToDictateButton.swift */ = {isa = PBXFileReference; lastKnownFileType = sourcecode.swift; path = HoldToDictateButton.swift; sourceTree = "<group>"; };
/* End PBXFileReference section */

/* Begin PBXFrameworksBuildPhase section */
		95D05A708250991BAB847558 /* Frameworks */ = {
			isa = PBXFrameworksBuildPhase;
			buildActionMask = 2147483647;
			files = (
				F2B84EA9BA70E4FD736DF884 /* WhisperKit in Frameworks */,
				C00F6E068AD1151F401830C7 /* whisper in Frameworks */,
			);
			runOnlyForDeploymentPostprocessing = 0;
		};
/* End PBXFrameworksBuildPhase section */

/* Begin PBXGroup section */
		17220472BD959C28110E14C5 = {
			isa = PBXGroup;
			children = (
				1910490F050D7701BED873EF /* App */,
				40893A2241278A6BA9141FD6 /* Sources */,
				1D784A83B7D6A0F5D69210F9 /* Products */,
			);
			sourceTree = "<group>";
		};
		1910490F050D7701BED873EF /* App */ = {
			isa = PBXGroup;
			children = (
				81F36E07D2823B7F0917BD7D /* RootView.swift */,
				55294F56A367C62D2F92AC49 /* supriseApp.swift */,
			);
			path = App;
			sourceTree = "<group>";
		};
		1D784A83B7D6A0F5D69210F9 /* Products */ = {
			isa = PBXGroup;
			children = (
				218CBB2C9C7CFC1A2054B476 /* suprise.app */,
			);
			name = Products;
			sourceTree = "<group>";
		};
		40893A2241278A6BA9141FD6 /* Sources */ = {
			isa = PBXGroup;
			children = (
				E1B59E8142BE732CD097EE22 /* Dictation */,
				8CA30B6B7C5C5A8EFD6E91A2 /* Storage */,
			);
			path = Sources;
			sourceTree = "<group>";
		};
		8CA30B6B7C5C5A8EFD6E91A2 /* Storage */ = {
			isa = PBXGroup;
			children = (
				1AE48CA176057902B243E7F7 /* DictationRecord.swift */,
				1972EC7629CDCFDD491F44F4 /* DictationStore.swift */,
			);
			path = Storage;
			sourceTree = "<group>";
		};
		E1B59E8142BE732CD097EE22 /* Dictation */ = {
			isa = PBXGroup;
			children = (
				C5EFA50C436C859D6F87858B /* AppleSpeechDictationEngine.swift */,
				B7FB6D4DC4D7458E5EEBFDCC /* AudioCapturePipeline.swift */,
				77F902F8D7BCC282C8CB919F /* DictationEngine.swift */,
				C46D1C75D9DCA31539E6E609 /* DictationEngineCoordinator.swift */,
				A28B6BCCC174BFEA26F4A0C1 /* DictationViewModel.swift */,
				FFB1929442CF8E868220DF8C /* HoldToDictateButton.swift */,
				ED2836396E808681A46E6CB1 /* PCMBufferSampleConverter.swift */,
				BC0F07B3E50787C8BDAB8ADD /* StreamingWhisperSession.swift */,
				A615EB72171A093BBFFEAF10 /* WhisperCppDictationEngine.swift */,
				CFA231AFD3D204777EB8212F /* WhisperKitDictationEngine.swift */,
			);
			path = Dictation;
			sourceTree = "<group>";
		};
/* End PBXGroup section */

/* Begin PBXNativeTarget section */
		ADC4816147DD7EF4F566C714 /* suprise */ = {
			isa = PBXNativeTarget;
			buildConfigurationList = D5A50E736E6ECD311AFE4C8F /* Build configuration list for PBXNativeTarget "suprise" */;
			buildPhases = (
				F88D037804038BF35F9E7EF4 /* Sources */,
				95D05A708250991BAB847558 /* Frameworks */,
			);
			buildRules = (
			);
			dependencies = (
			);
			name = suprise;
			packageProductDependencies = (
				A18E3B31BB9C6CDAAB577E4E /* WhisperKit */,
				2E0029A3650AFD5B22CA0F60 /* whisper */,
			);
			productName = suprise;
			productReference = 218CBB2C9C7CFC1A2054B476 /* suprise.app */;
			productType = "com.apple.product-type.application";
		};
/* End PBXNativeTarget section */

/* Begin PBXProject section */
		3B33AC65AE7FA7570E3255EB /* Project object */ = {
			isa = PBXProject;
			attributes = {
				BuildIndependentTargetsInParallel = YES;
				LastUpgradeCheck = 1430;
				TargetAttributes = {
					ADC4816147DD7EF4F566C714 = {
						ProvisioningStyle = Automatic;
					};
				};
			};
			buildConfigurationList = A6DB83EE209EA385FDE5B167 /* Build configuration list for PBXProject "suprise" */;
			developmentRegion = en;
			hasScannedForEncodings = 0;
			knownRegions = (
				Base,
				en,
			);
			mainGroup = 17220472BD959C28110E14C5;
			minimizedProjectReferenceProxies = 1;
			packageReferences = (
				D58AB1CFB12F7651A141A154 /* XCRemoteSwiftPackageReference "WhisperKit" */,
				ADB1072C19B241D860FB1984 /* XCRemoteSwiftPackageReference "whisper.spm" */,
			);
			preferredProjectObjectVersion = 77;
			productRefGroup = 1D784A83B7D6A0F5D69210F9 /* Products */;
			projectDirPath = "";
			projectRoot = "";
			targets = (
				ADC4816147DD7EF4F566C714 /* suprise */,
			);
		};
/* End PBXProject section */

/* Begin PBXSourcesBuildPhase section */
		F88D037804038BF35F9E7EF4 /* Sources */ = {
			isa = PBXSourcesBuildPhase;
			buildActionMask = 2147483647;
			files = (
				C25271851A97D9AFF23B3D30 /* AppleSpeechDictationEngine.swift in Sources */,
				E912B79CCE9930F6C3C328BD /* AudioCapturePipeline.swift in Sources */,
				B94C994DEB36953F860CDC35 /* DictationEngine.swift in Sources */,
				C7B7057E22CDE1640875948C /* DictationEngineCoordinator.swift in Sources */,
				028621FA3CF3637B0ED1A13C /* DictationRecord.swift in Sources */,
				E4369B6364071F77516CD590 /* DictationStore.swift in Sources */,
				8B6F86492843E5B88C1DF720 /* DictationViewModel.swift in Sources */,
				D9CF957362E208061E24705E /* HoldToDictateButton.swift in Sources */,
				1EB268902C609C2E3C51F160 /* PCMBufferSampleConverter.swift in Sources */,
				687201CBA6681F0D9ACC797C /* RootView.swift in Sources */,
				D8172DCF681D19D3EA2CC44E /* StreamingWhisperSession.swift in Sources */,
				E185010AE18B757E5D5A4113 /* WhisperCppDictationEngine.swift in Sources */,
				337C323B7B368AFF40C54F23 /* WhisperKitDictationEngine.swift in Sources */,
				E7676F48CFAE43C318665F43 /* supriseApp.swift in Sources */,
			);
			runOnlyForDeploymentPostprocessing = 0;
		};
/* End PBXSourcesBuildPhase section */

/* Begin XCBuildConfiguration section */
		0718890099048F4AAE14BC67 /* Debug */ = {
			isa = XCBuildConfiguration;
			buildSettings = {
				ALWAYS_SEARCH_USER_PATHS = NO;
				CLANG_ANALYZER_NONNULL = YES;
				CLANG_ANALYZER_NUMBER_OBJECT_CONVERSION = YES_AGGRESSIVE;
				CLANG_CXX_LANGUAGE_STANDARD = "gnu++14";
				CLANG_CXX_LIBRARY = "libc++";
				CLANG_ENABLE_MODULES = YES;
				CLANG_ENABLE_OBJC_ARC = YES;
				CLANG_ENABLE_OBJC_WEAK = YES;
				CLANG_WARN_BLOCK_CAPTURE_AUTORELEASING = YES;
				CLANG_WARN_BOOL_CONVERSION = YES;
				CLANG_WARN_COMMA = YES;
				CLANG_WARN_CONSTANT_CONVERSION = YES;
				CLANG_WARN_DEPRECATED_OBJC_IMPLEMENTATIONS = YES;
				CLANG_WARN_DIRECT_OBJC_ISA_USAGE = YES_ERROR;
				CLANG_WARN_DOCUMENTATION_COMMENTS = YES;
				CLANG_WARN_EMPTY_BODY = YES;
				CLANG_WARN_ENUM_CONVERSION = YES;
				CLANG_WARN_INFINITE_RECURSION = YES;
				CLANG_WARN_INT_CONVERSION = YES;
				CLANG_WARN_NON_LITERAL_NULL_CONVERSION = YES;
				CLANG_WARN_OBJC_IMPLICIT_RETAIN_SELF = YES;
				CLANG_WARN_OBJC_LITERAL_CONVERSION = YES;
				CLANG_WARN_OBJC_ROOT_CLASS = YES_ERROR;
				CLANG_WARN_QUOTED_INCLUDE_IN_FRAMEWORK_HEADER = YES;
				CLANG_WARN_RANGE_LOOP_ANALYSIS = YES;
				CLANG_WARN_STRICT_PROTOTYPES = YES;
				CLANG_WARN_SUSPICIOUS_MOVE = YES;
				CLANG_WARN_UNGUARDED_AVAILABILITY = YES_AGGRESSIVE;
				CLANG_WARN_UNREACHABLE_CODE = YES;
				CLANG_WARN__DUPLICATE_METHOD_MATCH = YES;
				COPY_PHASE_STRIP = NO;
				DEBUG_INFORMATION_FORMAT = dwarf;
				ENABLE_STRICT_OBJC_MSGSEND = YES;
				ENABLE_TESTABILITY = YES;
				GCC_C_LANGUAGE_STANDARD = gnu11;
				GCC_DYNAMIC_NO_PIC = NO;
				GCC_NO_COMMON_BLOCKS = YES;
				GCC_OPTIMIZATION_LEVEL = 0;
				GCC_PREPROCESSOR_DEFINITIONS = (
					"$(inherited)",
					"DEBUG=1",
				);
				GCC_WARN_64_TO_32_BIT_CONVERSION = YES;
				GCC_WARN_ABOUT_RETURN_TYPE = YES_ERROR;
				GCC_WARN_UNDECLARED_SELECTOR = YES;
				GCC_WARN_UNINITIALIZED_AUTOS = YES_AGGRESSIVE;
				GCC_WARN_UNUSED_FUNCTION = YES;
				GCC_WARN_UNUSED_VARIABLE = YES;
				IPHONEOS_DEPLOYMENT_TARGET = 17.0;
				MTL_ENABLE_DEBUG_INFO = INCLUDE_SOURCE;
				MTL_FAST_MATH = YES;
				ONLY_ACTIVE_ARCH = YES;
				PRODUCT_NAME = "$(TARGET_NAME)";
				SDKROOT = iphoneos;
				SWIFT_ACTIVE_COMPILATION_CONDITIONS = DEBUG;
				SWIFT_OPTIMIZATION_LEVEL = "-Onone";
				SWIFT_VERSION = 5.0;
			};
			name = Debug;
		};
		232F510A209D800D2599ACE0 /* Debug */ = {
			isa = XCBuildConfiguration;
			buildSettings = {
				ASSETCATALOG_COMPILER_APPICON_NAME = AppIcon;
				ASSETCATALOG_COMPILER_GLOBAL_ACCENT_COLOR_NAME = AccentColor;
				CODE_SIGN_IDENTITY = "iPhone Developer";
				CODE_SIGN_STYLE = Automatic;
				CURRENT_PROJECT_VERSION = 1;
				DEVELOPMENT_TEAM = 9G57J2JMF7;
				GENERATE_INFOPLIST_FILE = YES;
				INFOPLIST_KEY_CFBundleDisplayName = suprise;
				INFOPLIST_KEY_NSMicrophoneUsageDescription = "suprise uses the microphone to capture live dictation.";
				INFOPLIST_KEY_NSSpeechRecognitionUsageDescription = "suprise transcribes your speech while you dictate.";
				INFOPLIST_KEY_UILaunchScreen_Generation = YES;
				IPHONEOS_DEPLOYMENT_TARGET = 17.0;
				LD_RUNPATH_SEARCH_PATHS = (
					"$(inherited)",
					"@executable_path/Frameworks",
				);
				MARKETING_VERSION = 1.0;
				PRODUCT_BUNDLE_IDENTIFIER = com.lowercaselabs.suprise;
				PRODUCT_NAME = suprise;
				SDKROOT = iphoneos;
				SUPPORTS_MACCATALYST = NO;
				TARGETED_DEVICE_FAMILY = 1;
			};
			name = Debug;
		};
		7301E861A0B3BCB625828094 /* Release */ = {
			isa = XCBuildConfiguration;
			buildSettings = {
				ASSETCATALOG_COMPILER_APPICON_NAME = AppIcon;
				ASSETCATALOG_COMPILER_GLOBAL_ACCENT_COLOR_NAME = AccentColor;
				CODE_SIGN_IDENTITY = "iPhone Developer";
				CODE_SIGN_STYLE = Automatic;
				CURRENT_PROJECT_VERSION = 1;
				DEVELOPMENT_TEAM = 9G57J2JMF7;
				GENERATE_INFOPLIST_FILE = YES;
				INFOPLIST_KEY_CFBundleDisplayName = suprise;
				INFOPLIST_KEY_NSMicrophoneUsageDescription = "suprise uses the microphone to capture live dictation.";
				INFOPLIST_KEY_NSSpeechRecognitionUsageDescription = "suprise transcribes your speech while you dictate.";
				INFOPLIST_KEY_UILaunchScreen_Generation = YES;
				IPHONEOS_DEPLOYMENT_TARGET = 17.0;
				LD_RUNPATH_SEARCH_PATHS = (
					"$(inherited)",
					"@executable_path/Frameworks",
				);
				MARKETING_VERSION = 1.0;
				PRODUCT_BUNDLE_IDENTIFIER = com.lowercaselabs.suprise;
				PRODUCT_NAME = suprise;
				SDKROOT = iphoneos;
				SUPPORTS_MACCATALYST = NO;
				TARGETED_DEVICE_FAMILY = 1;
			};
			name = Release;
		};
		77875311E6549EE39BBD0E99 /* Release */ = {
			isa = XCBuildConfiguration;
			buildSettings = {
				ALWAYS_SEARCH_USER_PATHS = NO;
				CLANG_ANALYZER_NONNULL = YES;
				CLANG_ANALYZER_NUMBER_OBJECT_CONVERSION = YES_AGGRESSIVE;
				CLANG_CXX_LANGUAGE_STANDARD = "gnu++14";
				CLANG_CXX_LIBRARY = "libc++";
				CLANG_ENABLE_MODULES = YES;
				CLANG_ENABLE_OBJC_ARC = YES;
				CLANG_ENABLE_OBJC_WEAK = YES;
				CLANG_WARN_BLOCK_CAPTURE_AUTORELEASING = YES;
				CLANG_WARN_BOOL_CONVERSION = YES;
				CLANG_WARN_COMMA = YES;
				CLANG_WARN_CONSTANT_CONVERSION = YES;
				CLANG_WARN_DEPRECATED_OBJC_IMPLEMENTATIONS = YES;
				CLANG_WARN_DIRECT_OBJC_ISA_USAGE = YES_ERROR;
				CLANG_WARN_DOCUMENTATION_COMMENTS = YES;
				CLANG_WARN_EMPTY_BODY = YES;
				CLANG_WARN_ENUM_CONVERSION = YES;
				CLANG_WARN_INFINITE_RECURSION = YES;
				CLANG_WARN_INT_CONVERSION = YES;
				CLANG_WARN_NON_LITERAL_NULL_CONVERSION = YES;
				CLANG_WARN_OBJC_IMPLICIT_RETAIN_SELF = YES;
				CLANG_WARN_OBJC_LITERAL_CONVERSION = YES;
				CLANG_WARN_OBJC_ROOT_CLASS = YES_ERROR;
				CLANG_WARN_QUOTED_INCLUDE_IN_FRAMEWORK_HEADER = YES;
				CLANG_WARN_RANGE_LOOP_ANALYSIS = YES;
				CLANG_WARN_STRICT_PROTOTYPES = YES;
				CLANG_WARN_SUSPICIOUS_MOVE = YES;
				CLANG_WARN_UNGUARDED_AVAILABILITY = YES_AGGRESSIVE;
				CLANG_WARN_UNREACHABLE_CODE = YES;
				CLANG_WARN__DUPLICATE_METHOD_MATCH = YES;
				COPY_PHASE_STRIP = NO;
				DEBUG_INFORMATION_FORMAT = "dwarf-with-dsym";
				ENABLE_NS_ASSERTIONS = NO;
				ENABLE_STRICT_OBJC_MSGSEND = YES;
				GCC_C_LANGUAGE_STANDARD = gnu11;
				GCC_NO_COMMON_BLOCKS = YES;
				GCC_WARN_64_TO_32_BIT_CONVERSION = YES;
				GCC_WARN_ABOUT_RETURN_TYPE = YES_ERROR;
				GCC_WARN_UNDECLARED_SELECTOR = YES;
				GCC_WARN_UNINITIALIZED_AUTOS = YES_AGGRESSIVE;
				GCC_WARN_UNUSED_FUNCTION = YES;
				GCC_WARN_UNUSED_VARIABLE = YES;
				IPHONEOS_DEPLOYMENT_TARGET = 17.0;
				MTL_ENABLE_DEBUG_INFO = NO;
				MTL_FAST_MATH = YES;
				PRODUCT_NAME = "$(TARGET_NAME)";
				SDKROOT = iphoneos;
				SWIFT_COMPILATION_MODE = wholemodule;
				SWIFT_OPTIMIZATION_LEVEL = "-O";
				SWIFT_VERSION = 5.0;
			};
			name = Release;
		};
/* End XCBuildConfiguration section */

/* Begin XCConfigurationList section */
		A6DB83EE209EA385FDE5B167 /* Build configuration list for PBXProject "suprise" */ = {
			isa = XCConfigurationList;
			buildConfigurations = (
				0718890099048F4AAE14BC67 /* Debug */,
				77875311E6549EE39BBD0E99 /* Release */,
			);
			defaultConfigurationIsVisible = 0;
			defaultConfigurationName = Debug;
		};
		D5A50E736E6ECD311AFE4C8F /* Build configuration list for PBXNativeTarget "suprise" */ = {
			isa = XCConfigurationList;
			buildConfigurations = (
				232F510A209D800D2599ACE0 /* Debug */,
				7301E861A0B3BCB625828094 /* Release */,
			);
			defaultConfigurationIsVisible = 0;
			defaultConfigurationName = Debug;
		};
/* End XCConfigurationList section */

/* Begin XCRemoteSwiftPackageReference section */
		ADB1072C19B241D860FB1984 /* XCRemoteSwiftPackageReference "whisper.spm" */ = {
			isa = XCRemoteSwiftPackageReference;
			repositoryURL = "https://github.com/ggml-org/whisper.spm.git";
			requirement = {
				kind = revision;
				revision = a2085436c2eb796af90956b62bd64731f5e5b823;
			};
		};
		D58AB1CFB12F7651A141A154 /* XCRemoteSwiftPackageReference "WhisperKit" */ = {
			isa = XCRemoteSwiftPackageReference;
			repositoryURL = "https://github.com/argmaxinc/WhisperKit.git";
			requirement = {
				kind = revision;
				revision = c71c5ed607c3853c041b8fd3c1042e6e5b5a29a3;
			};
		};
/* End XCRemoteSwiftPackageReference section */

/* Begin XCSwiftPackageProductDependency section */
		2E0029A3650AFD5B22CA0F60 /* whisper */ = {
			isa = XCSwiftPackageProductDependency;
			package = ADB1072C19B241D860FB1984 /* XCRemoteSwiftPackageReference "whisper.spm" */;
			productName = whisper;
		};
		A18E3B31BB9C6CDAAB577E4E /* WhisperKit */ = {
			isa = XCSwiftPackageProductDependency;
			package = D58AB1CFB12F7651A141A154 /* XCRemoteSwiftPackageReference "WhisperKit" */;
			productName = WhisperKit;
		};
/* End XCSwiftPackageProductDependency section */
	};
	rootObject = 3B33AC65AE7FA7570E3255EB /* Project object */;
}
