{
  "originHash" : "be2b508cf91e00ccfdfd83e8177b94c9aee963c0dbf9b604f03fa19a3d85c0d4",
  "pins" : [
    {
      "identity" : "swift-argument-parser",
      "kind" : "remoteSourceControl",
      "location" : "https://github.com/apple/swift-argument-parser.git",
      "state" : {
        "revision" : "626b5b7b2f45e1b0b1c6f4a309296d1d21d7311b",
        "version" : "1.7.1"
      }
    },
    {
      "identity" : "whisperkit",
      "kind" : "remoteSourceControl",
      "location" : "https://github.com/argmaxinc/WhisperKit.git",
      "state" : {
        "revision" : "c71c5ed607c3853c041b8fd3c1042e6e5b5a29a3"
      }
    }
  ],
  "version" : 3
}
